
Microsoft Visual Studio Solution File, Format Version 12.00
# Visual Studio 15
VisualStudioVersion = 15.0.28010.2036
MinimumVisualStudioVersion = 10.0.40219.1
Project("{FAE04EC0-301F-11D3-BF4B-00C04F79EFBC}") = "MDCC_ScreenQ1", "MDCC_ScreenQ1\MDCC_ScreenQ1.csproj", "{267E8DCA-E371-44D2-A231-2B5BB04787B2}"
EndProject
Project("{FAE04EC0-301F-11D3-BF4B-00C04F79EFBC}") = "MakeChangeTests", "MakeChangeTests\MakeChangeTests.csproj", "{8A18E131-FCAD-4C23-901A-E0F106BCA842}"
EndProject
Global
	GlobalSection(SolutionConfigurationPlatforms) = preSolution
		Debug|Any CPU = Debug|Any CPU
		Release|Any CPU = Release|Any CPU
	EndGlobalSection
	GlobalSection(ProjectConfigurationPlatforms) = postSolution
		{267E8DCA-E371-44D2-A231-2B5BB04787B2}.Debug|Any CPU.ActiveCfg = Debug|Any CPU
		{267E8DCA-E371-44D2-A231-2B5BB04787B2}.Debug|Any CPU.Build.0 = Debug|Any CPU
		{267E8DCA-E371-44D2-A231-2B5BB04787B2}.Release|Any CPU.ActiveCfg = Release|Any CPU
		{267E8DCA-E371-44D2-A231-2B5BB04787B2}.Release|Any CPU.Build.0 = Release|Any CPU
		{8A18E131-FCAD-4C23-901A-E0F106BCA842}.Debug|Any CPU.ActiveCfg = Debug|Any CPU
		{8A18E131-FCAD-4C23-901A-E0F106BCA842}.Debug|Any CPU.Build.0 = Debug|Any CPU
		{8A18E131-FCAD-4C23-901A-E0F106BCA842}.Release|Any CPU.ActiveCfg = Release|Any CPU
		{8A18E131-FCAD-4C23-901A-E0F106BCA842}.Release|Any CPU.Build.0 = Release|Any CPU
	EndGlobalSection
	GlobalSection(SolutionProperties) = preSolution
		HideSolutionNode = FALSE
	EndGlobalSection
	GlobalSection(ExtensibilityGlobals) = postSolution
		SolutionGuid = {93B05AF2-E364-4446-8DB7-A5215B374FAE}
	EndGlobalSection
EndGlobal
